
Microsoft Visual Studio Solution File, Format Version 12.00
# Visual Studio Version 17
VisualStudioVersion = 17.9.34607.119
MinimumVisualStudioVersion = 10.0.40219.1
Project("{9A19103F-16F7-4668-BE54-9A1E7A4F7556}") = "DMSystem", "DMSystem\DMSystem.csproj", "{D5EAA5B6-85C8-4F36-9E21-CD22E7E5A51B}"
EndProject
Project("{E53339B2-1760-4266-BCC7-CA923CBCF16C}") = "docker-compose", "docker-compose.dcproj", "{7C95F05F-2BDE-42EB-9304-034F65698C4B}"
EndProject
Project("{2150E333-8FDC-42A3-9474-1A3956D46DE8}") = "Solution Items", "Solution Items", "{0851603D-631B-45B9-826D-8EC2A26647B2}"
	ProjectSection(SolutionItems) = preProject
		nginx.conf = nginx.conf
	EndProjectSection
EndProject
Project("{9A19103F-16F7-4668-BE54-9A1E7A4F7556}") = "WebUI", "WebUI\WebUI.csproj", "{BD5ED052-CA08-44EB-A965-FBE9C921AF01}"
EndProject
Project("{9A19103F-16F7-4668-BE54-9A1E7A4F7556}") = "DMSystem.DAL", "DMSystem.DAL\DMSystem.DAL.csproj", "{2B3F62EE-740A-4F5E-AA6F-117458591862}"
EndProject
Project("{9A19103F-16F7-4668-BE54-9A1E7A4F7556}") = "DMSystem.Tests", "DMSystem.Tests\DMSystem.Tests.csproj", "{76AABD9B-D6ED-46E3-ACC9-B56499CED156}"
EndProject
Project("{9A19103F-16F7-4668-BE54-9A1E7A4F7556}") = "DMSystem.Messaging", "DMSystem.Messaging\DMSystem.Messaging.csproj", "{45DA0419-38E9-4DBA-AD56-CC5DAD7BD88E}"
EndProject
Project("{9A19103F-16F7-4668-BE54-9A1E7A4F7556}") = "DMSystem.OCRWorker", "DMSystem.OCRWorker\DMSystem.OCRWorker.csproj", "{1E446EBD-E9C9-4A4B-AAF1-9DB3AE1E9977}"
EndProject
Project("{FAE04EC0-301F-11D3-BF4B-00C04F79EFBC}") = "DMSystem.ElasticSearch", "DMSystem.ElasticSearch\DMSystem.ElasticSearch.csproj", "{A30BFE59-4A40-4A22-B756-5325DD9B00D3}"
EndProject
Global
	GlobalSection(SolutionConfigurationPlatforms) = preSolution
		Debug|Any CPU = Debug|Any CPU
		Release|Any CPU = Release|Any CPU
	EndGlobalSection
	GlobalSection(ProjectConfigurationPlatforms) = postSolution
		{D5EAA5B6-85C8-4F36-9E21-CD22E7E5A51B}.Debug|Any CPU.ActiveCfg = Debug|Any CPU
		{D5EAA5B6-85C8-4F36-9E21-CD22E7E5A51B}.Debug|Any CPU.Build.0 = Debug|Any CPU
		{D5EAA5B6-85C8-4F36-9E21-CD22E7E5A51B}.Release|Any CPU.ActiveCfg = Release|Any CPU
		{D5EAA5B6-85C8-4F36-9E21-CD22E7E5A51B}.Release|Any CPU.Build.0 = Release|Any CPU
		{7C95F05F-2BDE-42EB-9304-034F65698C4B}.Debug|Any CPU.ActiveCfg = Debug|Any CPU
		{7C95F05F-2BDE-42EB-9304-034F65698C4B}.Debug|Any CPU.Build.0 = Debug|Any CPU
		{7C95F05F-2BDE-42EB-9304-034F65698C4B}.Release|Any CPU.ActiveCfg = Release|Any CPU
		{7C95F05F-2BDE-42EB-9304-034F65698C4B}.Release|Any CPU.Build.0 = Release|Any CPU
		{BD5ED052-CA08-44EB-A965-FBE9C921AF01}.Debug|Any CPU.ActiveCfg = Debug|Any CPU
		{BD5ED052-CA08-44EB-A965-FBE9C921AF01}.Debug|Any CPU.Build.0 = Debug|Any CPU
		{BD5ED052-CA08-44EB-A965-FBE9C921AF01}.Release|Any CPU.ActiveCfg = Release|Any CPU
		{BD5ED052-CA08-44EB-A965-FBE9C921AF01}.Release|Any CPU.Build.0 = Release|Any CPU
		{2B3F62EE-740A-4F5E-AA6F-117458591862}.Debug|Any CPU.ActiveCfg = Debug|Any CPU
		{2B3F62EE-740A-4F5E-AA6F-117458591862}.Debug|Any CPU.Build.0 = Debug|Any CPU
		{2B3F62EE-740A-4F5E-AA6F-117458591862}.Release|Any CPU.ActiveCfg = Release|Any CPU
		{2B3F62EE-740A-4F5E-AA6F-117458591862}.Release|Any CPU.Build.0 = Release|Any CPU
		{76AABD9B-D6ED-46E3-ACC9-B56499CED156}.Debug|Any CPU.ActiveCfg = Debug|Any CPU
		{76AABD9B-D6ED-46E3-ACC9-B56499CED156}.Debug|Any CPU.Build.0 = Debug|Any CPU
		{76AABD9B-D6ED-46E3-ACC9-B56499CED156}.Release|Any CPU.ActiveCfg = Release|Any CPU
		{76AABD9B-D6ED-46E3-ACC9-B56499CED156}.Release|Any CPU.Build.0 = Release|Any CPU
		{45DA0419-38E9-4DBA-AD56-CC5DAD7BD88E}.Debug|Any CPU.ActiveCfg = Debug|Any CPU
		{45DA0419-38E9-4DBA-AD56-CC5DAD7BD88E}.Debug|Any CPU.Build.0 = Debug|Any CPU
		{45DA0419-38E9-4DBA-AD56-CC5DAD7BD88E}.Release|Any CPU.ActiveCfg = Release|Any CPU
		{45DA0419-38E9-4DBA-AD56-CC5DAD7BD88E}.Release|Any CPU.Build.0 = Release|Any CPU
		{1E446EBD-E9C9-4A4B-AAF1-9DB3AE1E9977}.Debug|Any CPU.ActiveCfg = Debug|Any CPU
		{1E446EBD-E9C9-4A4B-AAF1-9DB3AE1E9977}.Debug|Any CPU.Build.0 = Debug|Any CPU
		{1E446EBD-E9C9-4A4B-AAF1-9DB3AE1E9977}.Release|Any CPU.ActiveCfg = Release|Any CPU
		{1E446EBD-E9C9-4A4B-AAF1-9DB3AE1E9977}.Release|Any CPU.Build.0 = Release|Any CPU
		{A30BFE59-4A40-4A22-B756-5325DD9B00D3}.Debug|Any CPU.ActiveCfg = Debug|Any CPU
		{A30BFE59-4A40-4A22-B756-5325DD9B00D3}.Debug|Any CPU.Build.0 = Debug|Any CPU
		{A30BFE59-4A40-4A22-B756-5325DD9B00D3}.Release|Any CPU.ActiveCfg = Release|Any CPU
		{A30BFE59-4A40-4A22-B756-5325DD9B00D3}.Release|Any CPU.Build.0 = Release|Any CPU
	EndGlobalSection
	GlobalSection(SolutionProperties) = preSolution
		HideSolutionNode = FALSE
	EndGlobalSection
	GlobalSection(ExtensibilityGlobals) = postSolution
		SolutionGuid = {7791A259-7B2C-492A-8414-F233C38C4216}
	EndGlobalSection
EndGlobal
